
Microsoft Visual Studio Solution File, Format Version 12.00
# Visual Studio 15
VisualStudioVersion = 15.0.26206.0
MinimumVisualStudioVersion = 10.0.40219.1
Project("{FAE04EC0-301F-11D3-BF4B-00C04F79EFBC}") = "NestExtensions", "NestExtensions\NestExtensions.csproj", "{48AEAC4E-0BF1-4F90-8D0E-9E8F93200A10}"
EndProject
Project("{FAE04EC0-301F-11D3-BF4B-00C04F79EFBC}") = "NestExtensions.Sample", "NestExtensions.Sample\NestExtensions.Sample.csproj", "{DD3EA484-16C2-46AC-9B32-F2E2FC445238}"
EndProject
Project("{FAE04EC0-301F-11D3-BF4B-00C04F79EFBC}") = "NestExtensions.Tests", "NestExtensions.Tests\NestExtensions.Tests.csproj", "{ADF98B9D-3DA7-446E-973C-F125F4DADECD}"
EndProject
Global
	GlobalSection(SolutionConfigurationPlatforms) = preSolution
		Debug|Any CPU = Debug|Any CPU
		Release|Any CPU = Release|Any CPU
	EndGlobalSection
	GlobalSection(ProjectConfigurationPlatforms) = postSolution
		{48AEAC4E-0BF1-4F90-8D0E-9E8F93200A10}.Debug|Any CPU.ActiveCfg = Debug|Any CPU
		{48AEAC4E-0BF1-4F90-8D0E-9E8F93200A10}.Debug|Any CPU.Build.0 = Debug|Any CPU
		{48AEAC4E-0BF1-4F90-8D0E-9E8F93200A10}.Release|Any CPU.ActiveCfg = Release|Any CPU
		{48AEAC4E-0BF1-4F90-8D0E-9E8F93200A10}.Release|Any CPU.Build.0 = Release|Any CPU
		{DD3EA484-16C2-46AC-9B32-F2E2FC445238}.Debug|Any CPU.ActiveCfg = Debug|Any CPU
		{DD3EA484-16C2-46AC-9B32-F2E2FC445238}.Debug|Any CPU.Build.0 = Debug|Any CPU
		{DD3EA484-16C2-46AC-9B32-F2E2FC445238}.Release|Any CPU.ActiveCfg = Release|Any CPU
		{DD3EA484-16C2-46AC-9B32-F2E2FC445238}.Release|Any CPU.Build.0 = Release|Any CPU
		{ADF98B9D-3DA7-446E-973C-F125F4DADECD}.Debug|Any CPU.ActiveCfg = Debug|Any CPU
		{ADF98B9D-3DA7-446E-973C-F125F4DADECD}.Debug|Any CPU.Build.0 = Debug|Any CPU
		{ADF98B9D-3DA7-446E-973C-F125F4DADECD}.Release|Any CPU.ActiveCfg = Release|Any CPU
		{ADF98B9D-3DA7-446E-973C-F125F4DADECD}.Release|Any CPU.Build.0 = Release|Any CPU
	EndGlobalSection
	GlobalSection(SolutionProperties) = preSolution
		HideSolutionNode = FALSE
	EndGlobalSection
EndGlobal
